
Microsoft Visual Studio Solution File, Format Version 12.00
# Visual Studio Version 16
VisualStudioVersion = 16.0.30907.101
MinimumVisualStudioVersion = 10.0.40219.1
Project("{FAE04EC0-301F-11D3-BF4B-00C04F79EFBC}") = "DYapimi", "DYapimi\DYapimi.csproj", "{A7378892-57EF-497E-993B-D1ED95F1330A}"
EndProject
Global
	GlobalSection(SolutionConfigurationPlatforms) = preSolution
		Debug|Any CPU = Debug|Any CPU
		Release|Any CPU = Release|Any CPU
	EndGlobalSection
	GlobalSection(ProjectConfigurationPlatforms) = postSolution
		{A7378892-57EF-497E-993B-D1ED95F1330A}.Debug|Any CPU.ActiveCfg = Debug|Any CPU
		{A7378892-57EF-497E-993B-D1ED95F1330A}.Debug|Any CPU.Build.0 = Debug|Any CPU
		{A7378892-57EF-497E-993B-D1ED95F1330A}.Release|Any CPU.ActiveCfg = Release|Any CPU
		{A7378892-57EF-497E-993B-D1ED95F1330A}.Release|Any CPU.Build.0 = Release|Any CPU
	EndGlobalSection
	GlobalSection(SolutionProperties) = preSolution
		HideSolutionNode = FALSE
	EndGlobalSection
	GlobalSection(ExtensibilityGlobals) = postSolution
		SolutionGuid = {69905F9D-AEA0-4965-AB2F-C0A404DBDF8D}
	EndGlobalSection
EndGlobal
